
Microsoft Visual Studio Solution File, Format Version 12.00
# Visual Studio 15
VisualStudioVersion = 15.0.27703.2047
MinimumVisualStudioVersion = 10.0.40219.1
Project("{FAE04EC0-301F-11D3-BF4B-00C04F79EFBC}") = "DomiciliosYa.Android", "DomiciliosYa\DomiciliosYa.Android\DomiciliosYa.Android.csproj", "{17A72481-8526-4A5F-A279-5EB02ED5DFE0}"
EndProject
Project("{FAE04EC0-301F-11D3-BF4B-00C04F79EFBC}") = "DomiciliosYa.iOS", "DomiciliosYa\DomiciliosYa.iOS\DomiciliosYa.iOS.csproj", "{22E9D7DC-AE96-43CF-B545-74DA48510F19}"
EndProject
Project("{FAE04EC0-301F-11D3-BF4B-00C04F79EFBC}") = "DomiciliosYa.UWP", "DomiciliosYa\DomiciliosYa.UWP\DomiciliosYa.UWP.csproj", "{ECF88AB5-31B1-4364-A660-FE3268E0B563}"
EndProject
Project("{FAE04EC0-301F-11D3-BF4B-00C04F79EFBC}") = "DomiciliosYa", "DomiciliosYa\DomiciliosYa\DomiciliosYa.csproj", "{625A5CCA-2141-437F-9FB4-4F5C28D7F360}"
EndProject
Project("{FAE04EC0-301F-11D3-BF4B-00C04F79EFBC}") = "DomiciliosYa.Backend", "DomiciliosYa.Backend\DomiciliosYa.Backend.csproj", "{E137B063-CCF1-40DA-9022-698B1764A465}"
EndProject
Project("{FAE04EC0-301F-11D3-BF4B-00C04F79EFBC}") = "DomiciliosYa.API", "DomiciliosYa.API\DomiciliosYa.API.csproj", "{791F4D96-C701-46EE-9AB3-96E6AA4B47C7}"
EndProject
Project("{FAE04EC0-301F-11D3-BF4B-00C04F79EFBC}") = "DomiciliosYa.Common", "DomiciliosYa.Common\DomiciliosYa.Common.csproj", "{F29016AD-74A6-4E18-AB2E-9E2CC6FEE8C0}"
EndProject
Project("{FAE04EC0-301F-11D3-BF4B-00C04F79EFBC}") = "DomiciliosYa.Domain", "DomiciliosYa.Domain\DomiciliosYa.Domain.csproj", "{C5748E16-C4EA-45F0-AE80-C48F673B7621}"
EndProject
Global
	GlobalSection(SolutionConfigurationPlatforms) = preSolution
		Ad-Hoc|Any CPU = Ad-Hoc|Any CPU
		Ad-Hoc|ARM = Ad-Hoc|ARM
		Ad-Hoc|iPhone = Ad-Hoc|iPhone
		Ad-Hoc|iPhoneSimulator = Ad-Hoc|iPhoneSimulator
		Ad-Hoc|x64 = Ad-Hoc|x64
		Ad-Hoc|x86 = Ad-Hoc|x86
		AppStore|Any CPU = AppStore|Any CPU
		AppStore|ARM = AppStore|ARM
		AppStore|iPhone = AppStore|iPhone
		AppStore|iPhoneSimulator = AppStore|iPhoneSimulator
		AppStore|x64 = AppStore|x64
		AppStore|x86 = AppStore|x86
		Debug|Any CPU = Debug|Any CPU
		Debug|ARM = Debug|ARM
		Debug|iPhone = Debug|iPhone
		Debug|iPhoneSimulator = Debug|iPhoneSimulator
		Debug|x64 = Debug|x64
		Debug|x86 = Debug|x86
		Release|Any CPU = Release|Any CPU
		Release|ARM = Release|ARM
		Release|iPhone = Release|iPhone
		Release|iPhoneSimulator = Release|iPhoneSimulator
		Release|x64 = Release|x64
		Release|x86 = Release|x86
	EndGlobalSection
	GlobalSection(ProjectConfigurationPlatforms) = postSolution
		{17A72481-8526-4A5F-A279-5EB02ED5DFE0}.Ad-Hoc|Any CPU.ActiveCfg = Release|Any CPU
		{17A72481-8526-4A5F-A279-5EB02ED5DFE0}.Ad-Hoc|Any CPU.Build.0 = Release|Any CPU
		{17A72481-8526-4A5F-A279-5EB02ED5DFE0}.Ad-Hoc|Any CPU.Deploy.0 = Release|Any CPU
		{17A72481-8526-4A5F-A279-5EB02ED5DFE0}.Ad-Hoc|ARM.ActiveCfg = Release|Any CPU
		{17A72481-8526-4A5F-A279-5EB02ED5DFE0}.Ad-Hoc|ARM.Build.0 = Release|Any CPU
		{17A72481-8526-4A5F-A279-5EB02ED5DFE0}.Ad-Hoc|ARM.Deploy.0 = Release|Any CPU
		{17A72481-8526-4A5F-A279-5EB02ED5DFE0}.Ad-Hoc|iPhone.ActiveCfg = Release|Any CPU
		{17A72481-8526-4A5F-A279-5EB02ED5DFE0}.Ad-Hoc|iPhone.Build.0 = Release|Any CPU
		{17A72481-8526-4A5F-A279-5EB02ED5DFE0}.Ad-Hoc|iPhone.Deploy.0 = Release|Any CPU
		{17A72481-8526-4A5F-A279-5EB02ED5DFE0}.Ad-Hoc|iPhoneSimulator.ActiveCfg = Release|Any CPU
		{17A72481-8526-4A5F-A279-5EB02ED5DFE0}.Ad-Hoc|iPhoneSimulator.Build.0 = Release|Any CPU
		{17A72481-8526-4A5F-A279-5EB02ED5DFE0}.Ad-Hoc|iPhoneSimulator.Deploy.0 = Release|Any CPU
		{17A72481-8526-4A5F-A279-5EB02ED5DFE0}.Ad-Hoc|x64.ActiveCfg = Release|Any CPU
		{17A72481-8526-4A5F-A279-5EB02ED5DFE0}.Ad-Hoc|x64.Build.0 = Release|Any CPU
		{17A72481-8526-4A5F-A279-5EB02ED5DFE0}.Ad-Hoc|x64.Deploy.0 = Release|Any CPU
		{17A72481-8526-4A5F-A279-5EB02ED5DFE0}.Ad-Hoc|x86.ActiveCfg = Release|Any CPU
		{17A72481-8526-4A5F-A279-5EB02ED5DFE0}.Ad-Hoc|x86.Build.0 = Release|Any CPU
		{17A72481-8526-4A5F-A279-5EB02ED5DFE0}.Ad-Hoc|x86.Deploy.0 = Release|Any CPU
		{17A72481-8526-4A5F-A279-5EB02ED5DFE0}.AppStore|Any CPU.ActiveCfg = Release|Any CPU
		{17A72481-8526-4A5F-A279-5EB02ED5DFE0}.AppStore|Any CPU.Build.0 = Release|Any CPU
		{17A72481-8526-4A5F-A279-5EB02ED5DFE0}.AppStore|Any CPU.Deploy.0 = Release|Any CPU
		{17A72481-8526-4A5F-A279-5EB02ED5DFE0}.AppStore|ARM.ActiveCfg = Release|Any CPU
		{17A72481-8526-4A5F-A279-5EB02ED5DFE0}.AppStore|ARM.Build.0 = Release|Any CPU
		{17A72481-8526-4A5F-A279-5EB02ED5DFE0}.AppStore|ARM.Deploy.0 = Release|Any CPU
		{17A72481-8526-4A5F-A279-5EB02ED5DFE0}.AppStore|iPhone.ActiveCfg = Release|Any CPU
		{17A72481-8526-4A5F-A279-5EB02ED5DFE0}.AppStore|iPhone.Build.0 = Release|Any CPU
		{17A72481-8526-4A5F-A279-5EB02ED5DFE0}.AppStore|iPhone.Deploy.0 = Release|Any CPU
		{17A72481-8526-4A5F-A279-5EB02ED5DFE0}.AppStore|iPhoneSimulator.ActiveCfg = Release|Any CPU
		{17A72481-8526-4A5F-A279-5EB02ED5DFE0}.AppStore|iPhoneSimulator.Build.0 = Release|Any CPU
		{17A72481-8526-4A5F-A279-5EB02ED5DFE0}.AppStore|iPhoneSimulator.Deploy.0 = Release|Any CPU
		{17A72481-8526-4A5F-A279-5EB02ED5DFE0}.AppStore|x64.ActiveCfg = Release|Any CPU
		{17A72481-8526-4A5F-A279-5EB02ED5DFE0}.AppStore|x64.Build.0 = Release|Any CPU
		{17A72481-8526-4A5F-A279-5EB02ED5DFE0}.AppStore|x64.Deploy.0 = Release|Any CPU
		{17A72481-8526-4A5F-A279-5EB02ED5DFE0}.AppStore|x86.ActiveCfg = Release|Any CPU
		{17A72481-8526-4A5F-A279-5EB02ED5DFE0}.AppStore|x86.Build.0 = Release|Any CPU
		{17A72481-8526-4A5F-A279-5EB02ED5DFE0}.AppStore|x86.Deploy.0 = Release|Any CPU
		{17A72481-8526-4A5F-A279-5EB02ED5DFE0}.Debug|Any CPU.ActiveCfg = Debug|Any CPU
		{17A72481-8526-4A5F-A279-5EB02ED5DFE0}.Debug|Any CPU.Build.0 = Debug|Any CPU
		{17A72481-8526-4A5F-A279-5EB02ED5DFE0}.Debug|Any CPU.Deploy.0 = Debug|Any CPU
		{17A72481-8526-4A5F-A279-5EB02ED5DFE0}.Debug|ARM.ActiveCfg = Debug|Any CPU
		{17A72481-8526-4A5F-A279-5EB02ED5DFE0}.Debug|ARM.Build.0 = Debug|Any CPU
		{17A72481-8526-4A5F-A279-5EB02ED5DFE0}.Debug|ARM.Deploy.0 = Debug|Any CPU
		{17A72481-8526-4A5F-A279-5EB02ED5DFE0}.Debug|iPhone.ActiveCfg = Debug|Any CPU
		{17A72481-8526-4A5F-A279-5EB02ED5DFE0}.Debug|iPhone.Build.0 = Debug|Any CPU
		{17A72481-8526-4A5F-A279-5EB02ED5DFE0}.Debug|iPhone.Deploy.0 = Debug|Any CPU
		{17A72481-8526-4A5F-A279-5EB02ED5DFE0}.Debug|iPhoneSimulator.ActiveCfg = Debug|Any CPU
		{17A72481-8526-4A5F-A279-5EB02ED5DFE0}.Debug|iPhoneSimulator.Build.0 = Debug|Any CPU
		{17A72481-8526-4A5F-A279-5EB02ED5DFE0}.Debug|iPhoneSimulator.Deploy.0 = Debug|Any CPU
		{17A72481-8526-4A5F-A279-5EB02ED5DFE0}.Debug|x64.ActiveCfg = Debug|Any CPU
		{17A72481-8526-4A5F-A279-5EB02ED5DFE0}.Debug|x64.Build.0 = Debug|Any CPU
		{17A72481-8526-4A5F-A279-5EB02ED5DFE0}.Debug|x64.Deploy.0 = Debug|Any CPU
		{17A72481-8526-4A5F-A279-5EB02ED5DFE0}.Debug|x86.ActiveCfg = Debug|Any CPU
		{17A72481-8526-4A5F-A279-5EB02ED5DFE0}.Debug|x86.Build.0 = Debug|Any CPU
		{17A72481-8526-4A5F-A279-5EB02ED5DFE0}.Debug|x86.Deploy.0 = Debug|Any CPU
		{17A72481-8526-4A5F-A279-5EB02ED5DFE0}.Release|Any CPU.ActiveCfg = Release|Any CPU
		{17A72481-8526-4A5F-A279-5EB02ED5DFE0}.Release|Any CPU.Build.0 = Release|Any CPU
		{17A72481-8526-4A5F-A279-5EB02ED5DFE0}.Release|Any CPU.Deploy.0 = Release|Any CPU
		{17A72481-8526-4A5F-A279-5EB02ED5DFE0}.Release|ARM.ActiveCfg = Release|Any CPU
		{17A72481-8526-4A5F-A279-5EB02ED5DFE0}.Release|ARM.Build.0 = Release|Any CPU
		{17A72481-8526-4A5F-A279-5EB02ED5DFE0}.Release|ARM.Deploy.0 = Release|Any CPU
		{17A72481-8526-4A5F-A279-5EB02ED5DFE0}.Release|iPhone.ActiveCfg = Release|Any CPU
		{17A72481-8526-4A5F-A279-5EB02ED5DFE0}.Release|iPhone.Build.0 = Release|Any CPU
		{17A72481-8526-4A5F-A279-5EB02ED5DFE0}.Release|iPhone.Deploy.0 = Release|Any CPU
		{17A72481-8526-4A5F-A279-5EB02ED5DFE0}.Release|iPhoneSimulator.ActiveCfg = Release|Any CPU
		{17A72481-8526-4A5F-A279-5EB02ED5DFE0}.Release|iPhoneSimulator.Build.0 = Release|Any CPU
		{17A72481-8526-4A5F-A279-5EB02ED5DFE0}.Release|iPhoneSimulator.Deploy.0 = Release|Any CPU
		{17A72481-8526-4A5F-A279-5EB02ED5DFE0}.Release|x64.ActiveCfg = Release|Any CPU
		{17A72481-8526-4A5F-A279-5EB02ED5DFE0}.Release|x64.Build.0 = Release|Any CPU
		{17A72481-8526-4A5F-A279-5EB02ED5DFE0}.Release|x64.Deploy.0 = Release|Any CPU
		{17A72481-8526-4A5F-A279-5EB02ED5DFE0}.Release|x86.ActiveCfg = Release|Any CPU
		{17A72481-8526-4A5F-A279-5EB02ED5DFE0}.Release|x86.Build.0 = Release|Any CPU
		{17A72481-8526-4A5F-A279-5EB02ED5DFE0}.Release|x86.Deploy.0 = Release|Any CPU
		{22E9D7DC-AE96-43CF-B545-74DA48510F19}.Ad-Hoc|Any CPU.ActiveCfg = Ad-Hoc|iPhone
		{22E9D7DC-AE96-43CF-B545-74DA48510F19}.Ad-Hoc|Any CPU.Build.0 = Ad-Hoc|iPhone
		{22E9D7DC-AE96-43CF-B545-74DA48510F19}.Ad-Hoc|Any CPU.Deploy.0 = Ad-Hoc|iPhone
		{22E9D7DC-AE96-43CF-B545-74DA48510F19}.Ad-Hoc|ARM.ActiveCfg = Ad-Hoc|iPhone
		{22E9D7DC-AE96-43CF-B545-74DA48510F19}.Ad-Hoc|ARM.Build.0 = Ad-Hoc|iPhone
		{22E9D7DC-AE96-43CF-B545-74DA48510F19}.Ad-Hoc|ARM.Deploy.0 = Ad-Hoc|iPhone
		{22E9D7DC-AE96-43CF-B545-74DA48510F19}.Ad-Hoc|iPhone.ActiveCfg = Ad-Hoc|iPhone
		{22E9D7DC-AE96-43CF-B545-74DA48510F19}.Ad-Hoc|iPhone.Build.0 = Ad-Hoc|iPhone
		{22E9D7DC-AE96-43CF-B545-74DA48510F19}.Ad-Hoc|iPhone.Deploy.0 = Ad-Hoc|iPhone
		{22E9D7DC-AE96-43CF-B545-74DA48510F19}.Ad-Hoc|iPhoneSimulator.ActiveCfg = Ad-Hoc|iPhoneSimulator
		{22E9D7DC-AE96-43CF-B545-74DA48510F19}.Ad-Hoc|iPhoneSimulator.Build.0 = Ad-Hoc|iPhoneSimulator
		{22E9D7DC-AE96-43CF-B545-74DA48510F19}.Ad-Hoc|iPhoneSimulator.Deploy.0 = Ad-Hoc|iPhoneSimulator
		{22E9D7DC-AE96-43CF-B545-74DA48510F19}.Ad-Hoc|x64.ActiveCfg = Ad-Hoc|iPhone
		{22E9D7DC-AE96-43CF-B545-74DA48510F19}.Ad-Hoc|x64.Build.0 = Ad-Hoc|iPhone
		{22E9D7DC-AE96-43CF-B545-74DA48510F19}.Ad-Hoc|x64.Deploy.0 = Ad-Hoc|iPhone
		{22E9D7DC-AE96-43CF-B545-74DA48510F19}.Ad-Hoc|x86.ActiveCfg = Ad-Hoc|iPhone
		{22E9D7DC-AE96-43CF-B545-74DA48510F19}.Ad-Hoc|x86.Build.0 = Ad-Hoc|iPhone
		{22E9D7DC-AE96-43CF-B545-74DA48510F19}.Ad-Hoc|x86.Deploy.0 = Ad-Hoc|iPhone
		{22E9D7DC-AE96-43CF-B545-74DA48510F19}.AppStore|Any CPU.ActiveCfg = AppStore|iPhone
		{22E9D7DC-AE96-43CF-B545-74DA48510F19}.AppStore|Any CPU.Build.0 = AppStore|iPhone
		{22E9D7DC-AE96-43CF-B545-74DA48510F19}.AppStore|Any CPU.Deploy.0 = AppStore|iPhone
		{22E9D7DC-AE96-43CF-B545-74DA48510F19}.AppStore|ARM.ActiveCfg = AppStore|iPhone
		{22E9D7DC-AE96-43CF-B545-74DA48510F19}.AppStore|ARM.Build.0 = AppStore|iPhone
		{22E9D7DC-AE96-43CF-B545-74DA48510F19}.AppStore|ARM.Deploy.0 = AppStore|iPhone
		{22E9D7DC-AE96-43CF-B545-74DA48510F19}.AppStore|iPhone.ActiveCfg = AppStore|iPhone
		{22E9D7DC-AE96-43CF-B545-74DA48510F19}.AppStore|iPhone.Build.0 = AppStore|iPhone
		{22E9D7DC-AE96-43CF-B545-74DA48510F19}.AppStore|iPhone.Deploy.0 = AppStore|iPhone
		{22E9D7DC-AE96-43CF-B545-74DA48510F19}.AppStore|iPhoneSimulator.ActiveCfg = AppStore|iPhoneSimulator
		{22E9D7DC-AE96-43CF-B545-74DA48510F19}.AppStore|iPhoneSimulator.Build.0 = AppStore|iPhoneSimulator
		{22E9D7DC-AE96-43CF-B545-74DA48510F19}.AppStore|iPhoneSimulator.Deploy.0 = AppStore|iPhoneSimulator
		{22E9D7DC-AE96-43CF-B545-74DA48510F19}.AppStore|x64.ActiveCfg = AppStore|iPhone
		{22E9D7DC-AE96-43CF-B545-74DA48510F19}.AppStore|x64.Build.0 = AppStore|iPhone
		{22E9D7DC-AE96-43CF-B545-74DA48510F19}.AppStore|x64.Deploy.0 = AppStore|iPhone
		{22E9D7DC-AE96-43CF-B545-74DA48510F19}.AppStore|x86.ActiveCfg = AppStore|iPhone
		{22E9D7DC-AE96-43CF-B545-74DA48510F19}.AppStore|x86.Build.0 = AppStore|iPhone
		{22E9D7DC-AE96-43CF-B545-74DA48510F19}.AppStore|x86.Deploy.0 = AppStore|iPhone
		{22E9D7DC-AE96-43CF-B545-74DA48510F19}.Debug|Any CPU.ActiveCfg = Debug|iPhoneSimulator
		{22E9D7DC-AE96-43CF-B545-74DA48510F19}.Debug|Any CPU.Build.0 = Debug|iPhoneSimulator
		{22E9D7DC-AE96-43CF-B545-74DA48510F19}.Debug|Any CPU.Deploy.0 = Debug|iPhoneSimulator
		{22E9D7DC-AE96-43CF-B545-74DA48510F19}.Debug|ARM.ActiveCfg = Debug|iPhone
		{22E9D7DC-AE96-43CF-B545-74DA48510F19}.Debug|ARM.Build.0 = Debug|iPhone
		{22E9D7DC-AE96-43CF-B545-74DA48510F19}.Debug|ARM.Deploy.0 = Debug|iPhone
		{22E9D7DC-AE96-43CF-B545-74DA48510F19}.Debug|iPhone.ActiveCfg = Debug|iPhone
		{22E9D7DC-AE96-43CF-B545-74DA48510F19}.Debug|iPhone.Build.0 = Debug|iPhone
		{22E9D7DC-AE96-43CF-B545-74DA48510F19}.Debug|iPhone.Deploy.0 = Debug|iPhone
		{22E9D7DC-AE96-43CF-B545-74DA48510F19}.Debug|iPhoneSimulator.ActiveCfg = Debug|iPhoneSimulator
		{22E9D7DC-AE96-43CF-B545-74DA48510F19}.Debug|iPhoneSimulator.Build.0 = Debug|iPhoneSimulator
		{22E9D7DC-AE96-43CF-B545-74DA48510F19}.Debug|iPhoneSimulator.Deploy.0 = Debug|iPhoneSimulator
		{22E9D7DC-AE96-43CF-B545-74DA48510F19}.Debug|x64.ActiveCfg = Debug|iPhone
		{22E9D7DC-AE96-43CF-B545-74DA48510F19}.Debug|x64.Build.0 = Debug|iPhone
		{22E9D7DC-AE96-43CF-B545-74DA48510F19}.Debug|x64.Deploy.0 = Debug|iPhone
		{22E9D7DC-AE96-43CF-B545-74DA48510F19}.Debug|x86.ActiveCfg = Debug|iPhone
		{22E9D7DC-AE96-43CF-B545-74DA48510F19}.Debug|x86.Build.0 = Debug|iPhone
		{22E9D7DC-AE96-43CF-B545-74DA48510F19}.Debug|x86.Deploy.0 = Debug|iPhone
		{22E9D7DC-AE96-43CF-B545-74DA48510F19}.Release|Any CPU.ActiveCfg = Release|iPhone
		{22E9D7DC-AE96-43CF-B545-74DA48510F19}.Release|Any CPU.Build.0 = Release|iPhone
		{22E9D7DC-AE96-43CF-B545-74DA48510F19}.Release|Any CPU.Deploy.0 = Release|iPhone
		{22E9D7DC-AE96-43CF-B545-74DA48510F19}.Release|ARM.ActiveCfg = Release|iPhone
		{22E9D7DC-AE96-43CF-B545-74DA48510F19}.Release|ARM.Build.0 = Release|iPhone
		{22E9D7DC-AE96-43CF-B545-74DA48510F19}.Release|ARM.Deploy.0 = Release|iPhone
		{22E9D7DC-AE96-43CF-B545-74DA48510F19}.Release|iPhone.ActiveCfg = Release|iPhone
		{22E9D7DC-AE96-43CF-B545-74DA48510F19}.Release|iPhone.Build.0 = Release|iPhone
		{22E9D7DC-AE96-43CF-B545-74DA48510F19}.Release|iPhone.Deploy.0 = Release|iPhone
		{22E9D7DC-AE96-43CF-B545-74DA48510F19}.Release|iPhoneSimulator.ActiveCfg = Release|iPhoneSimulator
		{22E9D7DC-AE96-43CF-B545-74DA48510F19}.Release|iPhoneSimulator.Build.0 = Release|iPhoneSimulator
		{22E9D7DC-AE96-43CF-B545-74DA48510F19}.Release|iPhoneSimulator.Deploy.0 = Release|iPhoneSimulator
		{22E9D7DC-AE96-43CF-B545-74DA48510F19}.Release|x64.ActiveCfg = Release|iPhone
		{22E9D7DC-AE96-43CF-B545-74DA48510F19}.Release|x64.Build.0 = Release|iPhone
		{22E9D7DC-AE96-43CF-B545-74DA48510F19}.Release|x64.Deploy.0 = Release|iPhone
		{22E9D7DC-AE96-43CF-B545-74DA48510F19}.Release|x86.ActiveCfg = Release|iPhone
		{22E9D7DC-AE96-43CF-B545-74DA48510F19}.Release|x86.Build.0 = Release|iPhone
		{22E9D7DC-AE96-43CF-B545-74DA48510F19}.Release|x86.Deploy.0 = Release|iPhone
		{ECF88AB5-31B1-4364-A660-FE3268E0B563}.Ad-Hoc|Any CPU.ActiveCfg = Release|x86
		{ECF88AB5-31B1-4364-A660-FE3268E0B563}.Ad-Hoc|Any CPU.Build.0 = Release|x86
		{ECF88AB5-31B1-4364-A660-FE3268E0B563}.Ad-Hoc|Any CPU.Deploy.0 = Release|x86
		{ECF88AB5-31B1-4364-A660-FE3268E0B563}.Ad-Hoc|ARM.ActiveCfg = Release|ARM
		{ECF88AB5-31B1-4364-A660-FE3268E0B563}.Ad-Hoc|ARM.Build.0 = Release|ARM
		{ECF88AB5-31B1-4364-A660-FE3268E0B563}.Ad-Hoc|ARM.Deploy.0 = Release|ARM
		{ECF88AB5-31B1-4364-A660-FE3268E0B563}.Ad-Hoc|iPhone.ActiveCfg = Release|x86
		{ECF88AB5-31B1-4364-A660-FE3268E0B563}.Ad-Hoc|iPhone.Build.0 = Release|x86
		{ECF88AB5-31B1-4364-A660-FE3268E0B563}.Ad-Hoc|iPhone.Deploy.0 = Release|x86
		{ECF88AB5-31B1-4364-A660-FE3268E0B563}.Ad-Hoc|iPhoneSimulator.ActiveCfg = Release|x86
		{ECF88AB5-31B1-4364-A660-FE3268E0B563}.Ad-Hoc|iPhoneSimulator.Build.0 = Release|x86
		{ECF88AB5-31B1-4364-A660-FE3268E0B563}.Ad-Hoc|iPhoneSimulator.Deploy.0 = Release|x86
		{ECF88AB5-31B1-4364-A660-FE3268E0B563}.Ad-Hoc|x64.ActiveCfg = Release|x64
		{ECF88AB5-31B1-4364-A660-FE3268E0B563}.Ad-Hoc|x64.Build.0 = Release|x64
		{ECF88AB5-31B1-4364-A660-FE3268E0B563}.Ad-Hoc|x64.Deploy.0 = Release|x64
		{ECF88AB5-31B1-4364-A660-FE3268E0B563}.Ad-Hoc|x86.ActiveCfg = Release|x86
		{ECF88AB5-31B1-4364-A660-FE3268E0B563}.Ad-Hoc|x86.Build.0 = Release|x86
		{ECF88AB5-31B1-4364-A660-FE3268E0B563}.Ad-Hoc|x86.Deploy.0 = Release|x86
		{ECF88AB5-31B1-4364-A660-FE3268E0B563}.AppStore|Any CPU.ActiveCfg = Release|x86
		{ECF88AB5-31B1-4364-A660-FE3268E0B563}.AppStore|Any CPU.Build.0 = Release|x86
		{ECF88AB5-31B1-4364-A660-FE3268E0B563}.AppStore|Any CPU.Deploy.0 = Release|x86
		{ECF88AB5-31B1-4364-A660-FE3268E0B563}.AppStore|ARM.ActiveCfg = Release|ARM
		{ECF88AB5-31B1-4364-A660-FE3268E0B563}.AppStore|ARM.Build.0 = Release|ARM
		{ECF88AB5-31B1-4364-A660-FE3268E0B563}.AppStore|ARM.Deploy.0 = Release|ARM
		{ECF88AB5-31B1-4364-A660-FE3268E0B563}.AppStore|iPhone.ActiveCfg = Release|x86
		{ECF88AB5-31B1-4364-A660-FE3268E0B563}.AppStore|iPhone.Build.0 = Release|x86
		{ECF88AB5-31B1-4364-A660-FE3268E0B563}.AppStore|iPhone.Deploy.0 = Release|x86
		{ECF88AB5-31B1-4364-A660-FE3268E0B563}.AppStore|iPhoneSimulator.ActiveCfg = Release|x86
		{ECF88AB5-31B1-4364-A660-FE3268E0B563}.AppStore|iPhoneSimulator.Build.0 = Release|x86
		{ECF88AB5-31B1-4364-A660-FE3268E0B563}.AppStore|iPhoneSimulator.Deploy.0 = Release|x86
		{ECF88AB5-31B1-4364-A660-FE3268E0B563}.AppStore|x64.ActiveCfg = Release|x64
		{ECF88AB5-31B1-4364-A660-FE3268E0B563}.AppStore|x64.Build.0 = Release|x64
		{ECF88AB5-31B1-4364-A660-FE3268E0B563}.AppStore|x64.Deploy.0 = Release|x64
		{ECF88AB5-31B1-4364-A660-FE3268E0B563}.AppStore|x86.ActiveCfg = Release|x86
		{ECF88AB5-31B1-4364-A660-FE3268E0B563}.AppStore|x86.Build.0 = Release|x86
		{ECF88AB5-31B1-4364-A660-FE3268E0B563}.AppStore|x86.Deploy.0 = Release|x86
		{ECF88AB5-31B1-4364-A660-FE3268E0B563}.Debug|Any CPU.ActiveCfg = Debug|x86
		{ECF88AB5-31B1-4364-A660-FE3268E0B563}.Debug|Any CPU.Build.0 = Debug|x86
		{ECF88AB5-31B1-4364-A660-FE3268E0B563}.Debug|Any CPU.Deploy.0 = Debug|x86
		{ECF88AB5-31B1-4364-A660-FE3268E0B563}.Debug|ARM.ActiveCfg = Debug|ARM
		{ECF88AB5-31B1-4364-A660-FE3268E0B563}.Debug|ARM.Build.0 = Debug|ARM
		{ECF88AB5-31B1-4364-A660-FE3268E0B563}.Debug|ARM.Deploy.0 = Debug|ARM
		{ECF88AB5-31B1-4364-A660-FE3268E0B563}.Debug|iPhone.ActiveCfg = Debug|x86
		{ECF88AB5-31B1-4364-A660-FE3268E0B563}.Debug|iPhone.Build.0 = Debug|x86
		{ECF88AB5-31B1-4364-A660-FE3268E0B563}.Debug|iPhone.Deploy.0 = Debug|x86
		{ECF88AB5-31B1-4364-A660-FE3268E0B563}.Debug|iPhoneSimulator.ActiveCfg = Debug|x86
		{ECF88AB5-31B1-4364-A660-FE3268E0B563}.Debug|iPhoneSimulator.Build.0 = Debug|x86
		{ECF88AB5-31B1-4364-A660-FE3268E0B563}.Debug|iPhoneSimulator.Deploy.0 = Debug|x86
		{ECF88AB5-31B1-4364-A660-FE3268E0B563}.Debug|x64.ActiveCfg = Debug|x64
		{ECF88AB5-31B1-4364-A660-FE3268E0B563}.Debug|x64.Build.0 = Debug|x64
		{ECF88AB5-31B1-4364-A660-FE3268E0B563}.Debug|x64.Deploy.0 = Debug|x64
		{ECF88AB5-31B1-4364-A660-FE3268E0B563}.Debug|x86.ActiveCfg = Debug|x86
		{ECF88AB5-31B1-4364-A660-FE3268E0B563}.Debug|x86.Build.0 = Debug|x86
		{ECF88AB5-31B1-4364-A660-FE3268E0B563}.Debug|x86.Deploy.0 = Debug|x86
		{ECF88AB5-31B1-4364-A660-FE3268E0B563}.Release|Any CPU.ActiveCfg = Release|x86
		{ECF88AB5-31B1-4364-A660-FE3268E0B563}.Release|Any CPU.Build.0 = Release|x86
		{ECF88AB5-31B1-4364-A660-FE3268E0B563}.Release|Any CPU.Deploy.0 = Release|x86
		{ECF88AB5-31B1-4364-A660-FE3268E0B563}.Release|ARM.ActiveCfg = Release|ARM
		{ECF88AB5-31B1-4364-A660-FE3268E0B563}.Release|ARM.Build.0 = Release|ARM
		{ECF88AB5-31B1-4364-A660-FE3268E0B563}.Release|ARM.Deploy.0 = Release|ARM
		{ECF88AB5-31B1-4364-A660-FE3268E0B563}.Release|iPhone.ActiveCfg = Release|x86
		{ECF88AB5-31B1-4364-A660-FE3268E0B563}.Release|iPhone.Build.0 = Release|x86
		{ECF88AB5-31B1-4364-A660-FE3268E0B563}.Release|iPhone.Deploy.0 = Release|x86
		{ECF88AB5-31B1-4364-A660-FE3268E0B563}.Release|iPhoneSimulator.ActiveCfg = Release|x86
		{ECF88AB5-31B1-4364-A660-FE3268E0B563}.Release|iPhoneSimulator.Build.0 = Release|x86
		{ECF88AB5-31B1-4364-A660-FE3268E0B563}.Release|iPhoneSimulator.Deploy.0 = Release|x86
		{ECF88AB5-31B1-4364-A660-FE3268E0B563}.Release|x64.ActiveCfg = Release|x64
		{ECF88AB5-31B1-4364-A660-FE3268E0B563}.Release|x64.Build.0 = Release|x64
		{ECF88AB5-31B1-4364-A660-FE3268E0B563}.Release|x64.Deploy.0 = Release|x64
		{ECF88AB5-31B1-4364-A660-FE3268E0B563}.Release|x86.ActiveCfg = Release|x86
		{ECF88AB5-31B1-4364-A660-FE3268E0B563}.Release|x86.Build.0 = Release|x86
		{ECF88AB5-31B1-4364-A660-FE3268E0B563}.Release|x86.Deploy.0 = Release|x86
		{625A5CCA-2141-437F-9FB4-4F5C28D7F360}.Ad-Hoc|Any CPU.ActiveCfg = Debug|Any CPU
		{625A5CCA-2141-437F-9FB4-4F5C28D7F360}.Ad-Hoc|Any CPU.Build.0 = Debug|Any CPU
		{625A5CCA-2141-437F-9FB4-4F5C28D7F360}.Ad-Hoc|Any CPU.Deploy.0 = Debug|Any CPU
		{625A5CCA-2141-437F-9FB4-4F5C28D7F360}.Ad-Hoc|ARM.ActiveCfg = Debug|Any CPU
		{625A5CCA-2141-437F-9FB4-4F5C28D7F360}.Ad-Hoc|ARM.Build.0 = Debug|Any CPU
		{625A5CCA-2141-437F-9FB4-4F5C28D7F360}.Ad-Hoc|ARM.Deploy.0 = Debug|Any CPU
		{625A5CCA-2141-437F-9FB4-4F5C28D7F360}.Ad-Hoc|iPhone.ActiveCfg = Debug|Any CPU
		{625A5CCA-2141-437F-9FB4-4F5C28D7F360}.Ad-Hoc|iPhone.Build.0 = Debug|Any CPU
		{625A5CCA-2141-437F-9FB4-4F5C28D7F360}.Ad-Hoc|iPhone.Deploy.0 = Debug|Any CPU
		{625A5CCA-2141-437F-9FB4-4F5C28D7F360}.Ad-Hoc|iPhoneSimulator.ActiveCfg = Debug|Any CPU
		{625A5CCA-2141-437F-9FB4-4F5C28D7F360}.Ad-Hoc|iPhoneSimulator.Build.0 = Debug|Any CPU
		{625A5CCA-2141-437F-9FB4-4F5C28D7F360}.Ad-Hoc|iPhoneSimulator.Deploy.0 = Debug|Any CPU
		{625A5CCA-2141-437F-9FB4-4F5C28D7F360}.Ad-Hoc|x64.ActiveCfg = Debug|Any CPU
		{625A5CCA-2141-437F-9FB4-4F5C28D7F360}.Ad-Hoc|x64.Build.0 = Debug|Any CPU
		{625A5CCA-2141-437F-9FB4-4F5C28D7F360}.Ad-Hoc|x64.Deploy.0 = Debug|Any CPU
		{625A5CCA-2141-437F-9FB4-4F5C28D7F360}.Ad-Hoc|x86.ActiveCfg = Debug|Any CPU
		{625A5CCA-2141-437F-9FB4-4F5C28D7F360}.Ad-Hoc|x86.Build.0 = Debug|Any CPU
		{625A5CCA-2141-437F-9FB4-4F5C28D7F360}.Ad-Hoc|x86.Deploy.0 = Debug|Any CPU
		{625A5CCA-2141-437F-9FB4-4F5C28D7F360}.AppStore|Any CPU.ActiveCfg = Debug|Any CPU
		{625A5CCA-2141-437F-9FB4-4F5C28D7F360}.AppStore|Any CPU.Build.0 = Debug|Any CPU
		{625A5CCA-2141-437F-9FB4-4F5C28D7F360}.AppStore|Any CPU.Deploy.0 = Debug|Any CPU
		{625A5CCA-2141-437F-9FB4-4F5C28D7F360}.AppStore|ARM.ActiveCfg = Debug|Any CPU
		{625A5CCA-2141-437F-9FB4-4F5C28D7F360}.AppStore|ARM.Build.0 = Debug|Any CPU
		{625A5CCA-2141-437F-9FB4-4F5C28D7F360}.AppStore|ARM.Deploy.0 = Debug|Any CPU
		{625A5CCA-2141-437F-9FB4-4F5C28D7F360}.AppStore|iPhone.ActiveCfg = Debug|Any CPU
		{625A5CCA-2141-437F-9FB4-4F5C28D7F360}.AppStore|iPhone.Build.0 = Debug|Any CPU
		{625A5CCA-2141-437F-9FB4-4F5C28D7F360}.AppStore|iPhone.Deploy.0 = Debug|Any CPU
		{625A5CCA-2141-437F-9FB4-4F5C28D7F360}.AppStore|iPhoneSimulator.ActiveCfg = Debug|Any CPU
		{625A5CCA-2141-437F-9FB4-4F5C28D7F360}.AppStore|iPhoneSimulator.Build.0 = Debug|Any CPU
		{625A5CCA-2141-437F-9FB4-4F5C28D7F360}.AppStore|iPhoneSimulator.Deploy.0 = Debug|Any CPU
		{625A5CCA-2141-437F-9FB4-4F5C28D7F360}.AppStore|x64.ActiveCfg = Debug|Any CPU
		{625A5CCA-2141-437F-9FB4-4F5C28D7F360}.AppStore|x64.Build.0 = Debug|Any CPU
		{625A5CCA-2141-437F-9FB4-4F5C28D7F360}.AppStore|x64.Deploy.0 = Debug|Any CPU
		{625A5CCA-2141-437F-9FB4-4F5C28D7F360}.AppStore|x86.ActiveCfg = Debug|Any CPU
		{625A5CCA-2141-437F-9FB4-4F5C28D7F360}.AppStore|x86.Build.0 = Debug|Any CPU
		{625A5CCA-2141-437F-9FB4-4F5C28D7F360}.AppStore|x86.Deploy.0 = Debug|Any CPU
		{625A5CCA-2141-437F-9FB4-4F5C28D7F360}.Debug|Any CPU.ActiveCfg = Debug|Any CPU
		{625A5CCA-2141-437F-9FB4-4F5C28D7F360}.Debug|Any CPU.Build.0 = Debug|Any CPU
		{625A5CCA-2141-437F-9FB4-4F5C28D7F360}.Debug|Any CPU.Deploy.0 = Debug|Any CPU
		{625A5CCA-2141-437F-9FB4-4F5C28D7F360}.Debug|ARM.ActiveCfg = Debug|Any CPU
		{625A5CCA-2141-437F-9FB4-4F5C28D7F360}.Debug|ARM.Build.0 = Debug|Any CPU
		{625A5CCA-2141-437F-9FB4-4F5C28D7F360}.Debug|ARM.Deploy.0 = Debug|Any CPU
		{625A5CCA-2141-437F-9FB4-4F5C28D7F360}.Debug|iPhone.ActiveCfg = Debug|Any CPU
		{625A5CCA-2141-437F-9FB4-4F5C28D7F360}.Debug|iPhone.Build.0 = Debug|Any CPU
		{625A5CCA-2141-437F-9FB4-4F5C28D7F360}.Debug|iPhone.Deploy.0 = Debug|Any CPU
		{625A5CCA-2141-437F-9FB4-4F5C28D7F360}.Debug|iPhoneSimulator.ActiveCfg = Debug|Any CPU
		{625A5CCA-2141-437F-9FB4-4F5C28D7F360}.Debug|iPhoneSimulator.Build.0 = Debug|Any CPU
		{625A5CCA-2141-437F-9FB4-4F5C28D7F360}.Debug|iPhoneSimulator.Deploy.0 = Debug|Any CPU
		{625A5CCA-2141-437F-9FB4-4F5C28D7F360}.Debug|x64.ActiveCfg = Debug|Any CPU
		{625A5CCA-2141-437F-9FB4-4F5C28D7F360}.Debug|x64.Build.0 = Debug|Any CPU
		{625A5CCA-2141-437F-9FB4-4F5C28D7F360}.Debug|x64.Deploy.0 = Debug|Any CPU
		{625A5CCA-2141-437F-9FB4-4F5C28D7F360}.Debug|x86.ActiveCfg = Debug|Any CPU
		{625A5CCA-2141-437F-9FB4-4F5C28D7F360}.Debug|x86.Build.0 = Debug|Any CPU
		{625A5CCA-2141-437F-9FB4-4F5C28D7F360}.Debug|x86.Deploy.0 = Debug|Any CPU
		{625A5CCA-2141-437F-9FB4-4F5C28D7F360}.Release|Any CPU.ActiveCfg = Release|Any CPU
		{625A5CCA-2141-437F-9FB4-4F5C28D7F360}.Release|Any CPU.Build.0 = Release|Any CPU
		{625A5CCA-2141-437F-9FB4-4F5C28D7F360}.Release|Any CPU.Deploy.0 = Release|Any CPU
		{625A5CCA-2141-437F-9FB4-4F5C28D7F360}.Release|ARM.ActiveCfg = Release|Any CPU
		{625A5CCA-2141-437F-9FB4-4F5C28D7F360}.Release|ARM.Build.0 = Release|Any CPU
		{625A5CCA-2141-437F-9FB4-4F5C28D7F360}.Release|ARM.Deploy.0 = Release|Any CPU
		{625A5CCA-2141-437F-9FB4-4F5C28D7F360}.Release|iPhone.ActiveCfg = Release|Any CPU
		{625A5CCA-2141-437F-9FB4-4F5C28D7F360}.Release|iPhone.Build.0 = Release|Any CPU
		{625A5CCA-2141-437F-9FB4-4F5C28D7F360}.Release|iPhone.Deploy.0 = Release|Any CPU
		{625A5CCA-2141-437F-9FB4-4F5C28D7F360}.Release|iPhoneSimulator.ActiveCfg = Release|Any CPU
		{625A5CCA-2141-437F-9FB4-4F5C28D7F360}.Release|iPhoneSimulator.Build.0 = Release|Any CPU
		{625A5CCA-2141-437F-9FB4-4F5C28D7F360}.Release|iPhoneSimulator.Deploy.0 = Release|Any CPU
		{625A5CCA-2141-437F-9FB4-4F5C28D7F360}.Release|x64.ActiveCfg = Release|Any CPU
		{625A5CCA-2141-437F-9FB4-4F5C28D7F360}.Release|x64.Build.0 = Release|Any CPU
		{625A5CCA-2141-437F-9FB4-4F5C28D7F360}.Release|x64.Deploy.0 = Release|Any CPU
		{625A5CCA-2141-437F-9FB4-4F5C28D7F360}.Release|x86.ActiveCfg = Release|Any CPU
		{625A5CCA-2141-437F-9FB4-4F5C28D7F360}.Release|x86.Build.0 = Release|Any CPU
		{625A5CCA-2141-437F-9FB4-4F5C28D7F360}.Release|x86.Deploy.0 = Release|Any CPU
		{E137B063-CCF1-40DA-9022-698B1764A465}.Ad-Hoc|Any CPU.ActiveCfg = Release|Any CPU
		{E137B063-CCF1-40DA-9022-698B1764A465}.Ad-Hoc|Any CPU.Build.0 = Release|Any CPU
		{E137B063-CCF1-40DA-9022-698B1764A465}.Ad-Hoc|ARM.ActiveCfg = Release|Any CPU
		{E137B063-CCF1-40DA-9022-698B1764A465}.Ad-Hoc|ARM.Build.0 = Release|Any CPU
		{E137B063-CCF1-40DA-9022-698B1764A465}.Ad-Hoc|iPhone.ActiveCfg = Release|Any CPU
		{E137B063-CCF1-40DA-9022-698B1764A465}.Ad-Hoc|iPhone.Build.0 = Release|Any CPU
		{E137B063-CCF1-40DA-9022-698B1764A465}.Ad-Hoc|iPhoneSimulator.ActiveCfg = Release|Any CPU
		{E137B063-CCF1-40DA-9022-698B1764A465}.Ad-Hoc|iPhoneSimulator.Build.0 = Release|Any CPU
		{E137B063-CCF1-40DA-9022-698B1764A465}.Ad-Hoc|x64.ActiveCfg = Release|Any CPU
		{E137B063-CCF1-40DA-9022-698B1764A465}.Ad-Hoc|x64.Build.0 = Release|Any CPU
		{E137B063-CCF1-40DA-9022-698B1764A465}.Ad-Hoc|x86.ActiveCfg = Release|Any CPU
		{E137B063-CCF1-40DA-9022-698B1764A465}.Ad-Hoc|x86.Build.0 = Release|Any CPU
		{E137B063-CCF1-40DA-9022-698B1764A465}.AppStore|Any CPU.ActiveCfg = Release|Any CPU
		{E137B063-CCF1-40DA-9022-698B1764A465}.AppStore|Any CPU.Build.0 = Release|Any CPU
		{E137B063-CCF1-40DA-9022-698B1764A465}.AppStore|ARM.ActiveCfg = Release|Any CPU
		{E137B063-CCF1-40DA-9022-698B1764A465}.AppStore|ARM.Build.0 = Release|Any CPU
		{E137B063-CCF1-40DA-9022-698B1764A465}.AppStore|iPhone.ActiveCfg = Release|Any CPU
		{E137B063-CCF1-40DA-9022-698B1764A465}.AppStore|iPhone.Build.0 = Release|Any CPU
		{E137B063-CCF1-40DA-9022-698B1764A465}.AppStore|iPhoneSimulator.ActiveCfg = Release|Any CPU
		{E137B063-CCF1-40DA-9022-698B1764A465}.AppStore|iPhoneSimulator.Build.0 = Release|Any CPU
		{E137B063-CCF1-40DA-9022-698B1764A465}.AppStore|x64.ActiveCfg = Release|Any CPU
		{E137B063-CCF1-40DA-9022-698B1764A465}.AppStore|x64.Build.0 = Release|Any CPU
		{E137B063-CCF1-40DA-9022-698B1764A465}.AppStore|x86.ActiveCfg = Release|Any CPU
		{E137B063-CCF1-40DA-9022-698B1764A465}.AppStore|x86.Build.0 = Release|Any CPU
		{E137B063-CCF1-40DA-9022-698B1764A465}.Debug|Any CPU.ActiveCfg = Debug|Any CPU
		{E137B063-CCF1-40DA-9022-698B1764A465}.Debug|Any CPU.Build.0 = Debug|Any CPU
		{E137B063-CCF1-40DA-9022-698B1764A465}.Debug|ARM.ActiveCfg = Debug|Any CPU
		{E137B063-CCF1-40DA-9022-698B1764A465}.Debug|ARM.Build.0 = Debug|Any CPU
		{E137B063-CCF1-40DA-9022-698B1764A465}.Debug|iPhone.ActiveCfg = Debug|Any CPU
		{E137B063-CCF1-40DA-9022-698B1764A465}.Debug|iPhone.Build.0 = Debug|Any CPU
		{E137B063-CCF1-40DA-9022-698B1764A465}.Debug|iPhoneSimulator.ActiveCfg = Debug|Any CPU
		{E137B063-CCF1-40DA-9022-698B1764A465}.Debug|iPhoneSimulator.Build.0 = Debug|Any CPU
		{E137B063-CCF1-40DA-9022-698B1764A465}.Debug|x64.ActiveCfg = Debug|Any CPU
		{E137B063-CCF1-40DA-9022-698B1764A465}.Debug|x64.Build.0 = Debug|Any CPU
		{E137B063-CCF1-40DA-9022-698B1764A465}.Debug|x86.ActiveCfg = Debug|Any CPU
		{E137B063-CCF1-40DA-9022-698B1764A465}.Debug|x86.Build.0 = Debug|Any CPU
		{E137B063-CCF1-40DA-9022-698B1764A465}.Release|Any CPU.ActiveCfg = Release|Any CPU
		{E137B063-CCF1-40DA-9022-698B1764A465}.Release|Any CPU.Build.0 = Release|Any CPU
		{E137B063-CCF1-40DA-9022-698B1764A465}.Release|ARM.ActiveCfg = Release|Any CPU
		{E137B063-CCF1-40DA-9022-698B1764A465}.Release|ARM.Build.0 = Release|Any CPU
		{E137B063-CCF1-40DA-9022-698B1764A465}.Release|iPhone.ActiveCfg = Release|Any CPU
		{E137B063-CCF1-40DA-9022-698B1764A465}.Release|iPhone.Build.0 = Release|Any CPU
		{E137B063-CCF1-40DA-9022-698B1764A465}.Release|iPhoneSimulator.ActiveCfg = Release|Any CPU
		{E137B063-CCF1-40DA-9022-698B1764A465}.Release|iPhoneSimulator.Build.0 = Release|Any CPU
		{E137B063-CCF1-40DA-9022-698B1764A465}.Release|x64.ActiveCfg = Release|Any CPU
		{E137B063-CCF1-40DA-9022-698B1764A465}.Release|x64.Build.0 = Release|Any CPU
		{E137B063-CCF1-40DA-9022-698B1764A465}.Release|x86.ActiveCfg = Release|Any CPU
		{E137B063-CCF1-40DA-9022-698B1764A465}.Release|x86.Build.0 = Release|Any CPU
		{791F4D96-C701-46EE-9AB3-96E6AA4B47C7}.Ad-Hoc|Any CPU.ActiveCfg = Release|Any CPU
		{791F4D96-C701-46EE-9AB3-96E6AA4B47C7}.Ad-Hoc|Any CPU.Build.0 = Release|Any CPU
		{791F4D96-C701-46EE-9AB3-96E6AA4B47C7}.Ad-Hoc|ARM.ActiveCfg = Release|Any CPU
		{791F4D96-C701-46EE-9AB3-96E6AA4B47C7}.Ad-Hoc|ARM.Build.0 = Release|Any CPU
		{791F4D96-C701-46EE-9AB3-96E6AA4B47C7}.Ad-Hoc|iPhone.ActiveCfg = Release|Any CPU
		{791F4D96-C701-46EE-9AB3-96E6AA4B47C7}.Ad-Hoc|iPhone.Build.0 = Release|Any CPU
		{791F4D96-C701-46EE-9AB3-96E6AA4B47C7}.Ad-Hoc|iPhoneSimulator.ActiveCfg = Release|Any CPU
		{791F4D96-C701-46EE-9AB3-96E6AA4B47C7}.Ad-Hoc|iPhoneSimulator.Build.0 = Release|Any CPU
		{791F4D96-C701-46EE-9AB3-96E6AA4B47C7}.Ad-Hoc|x64.ActiveCfg = Release|Any CPU
		{791F4D96-C701-46EE-9AB3-96E6AA4B47C7}.Ad-Hoc|x64.Build.0 = Release|Any CPU
		{791F4D96-C701-46EE-9AB3-96E6AA4B47C7}.Ad-Hoc|x86.ActiveCfg = Release|Any CPU
		{791F4D96-C701-46EE-9AB3-96E6AA4B47C7}.Ad-Hoc|x86.Build.0 = Release|Any CPU
		{791F4D96-C701-46EE-9AB3-96E6AA4B47C7}.AppStore|Any CPU.ActiveCfg = Release|Any CPU
		{791F4D96-C701-46EE-9AB3-96E6AA4B47C7}.AppStore|Any CPU.Build.0 = Release|Any CPU
		{791F4D96-C701-46EE-9AB3-96E6AA4B47C7}.AppStore|ARM.ActiveCfg = Release|Any CPU
		{791F4D96-C701-46EE-9AB3-96E6AA4B47C7}.AppStore|ARM.Build.0 = Release|Any CPU
		{791F4D96-C701-46EE-9AB3-96E6AA4B47C7}.AppStore|iPhone.ActiveCfg = Release|Any CPU
		{791F4D96-C701-46EE-9AB3-96E6AA4B47C7}.AppStore|iPhone.Build.0 = Release|Any CPU
		{791F4D96-C701-46EE-9AB3-96E6AA4B47C7}.AppStore|iPhoneSimulator.ActiveCfg = Release|Any CPU
		{791F4D96-C701-46EE-9AB3-96E6AA4B47C7}.AppStore|iPhoneSimulator.Build.0 = Release|Any CPU
		{791F4D96-C701-46EE-9AB3-96E6AA4B47C7}.AppStore|x64.ActiveCfg = Release|Any CPU
		{791F4D96-C701-46EE-9AB3-96E6AA4B47C7}.AppStore|x64.Build.0 = Release|Any CPU
		{791F4D96-C701-46EE-9AB3-96E6AA4B47C7}.AppStore|x86.ActiveCfg = Release|Any CPU
		{791F4D96-C701-46EE-9AB3-96E6AA4B47C7}.AppStore|x86.Build.0 = Release|Any CPU
		{791F4D96-C701-46EE-9AB3-96E6AA4B47C7}.Debug|Any CPU.ActiveCfg = Debug|Any CPU
		{791F4D96-C701-46EE-9AB3-96E6AA4B47C7}.Debug|Any CPU.Build.0 = Debug|Any CPU
		{791F4D96-C701-46EE-9AB3-96E6AA4B47C7}.Debug|ARM.ActiveCfg = Debug|Any CPU
		{791F4D96-C701-46EE-9AB3-96E6AA4B47C7}.Debug|ARM.Build.0 = Debug|Any CPU
		{791F4D96-C701-46EE-9AB3-96E6AA4B47C7}.Debug|iPhone.ActiveCfg = Debug|Any CPU
		{791F4D96-C701-46EE-9AB3-96E6AA4B47C7}.Debug|iPhone.Build.0 = Debug|Any CPU
		{791F4D96-C701-46EE-9AB3-96E6AA4B47C7}.Debug|iPhoneSimulator.ActiveCfg = Debug|Any CPU
		{791F4D96-C701-46EE-9AB3-96E6AA4B47C7}.Debug|iPhoneSimulator.Build.0 = Debug|Any CPU
		{791F4D96-C701-46EE-9AB3-96E6AA4B47C7}.Debug|x64.ActiveCfg = Debug|Any CPU
		{791F4D96-C701-46EE-9AB3-96E6AA4B47C7}.Debug|x64.Build.0 = Debug|Any CPU
		{791F4D96-C701-46EE-9AB3-96E6AA4B47C7}.Debug|x86.ActiveCfg = Debug|Any CPU
		{791F4D96-C701-46EE-9AB3-96E6AA4B47C7}.Debug|x86.Build.0 = Debug|Any CPU
		{791F4D96-C701-46EE-9AB3-96E6AA4B47C7}.Release|Any CPU.ActiveCfg = Release|Any CPU
		{791F4D96-C701-46EE-9AB3-96E6AA4B47C7}.Release|Any CPU.Build.0 = Release|Any CPU
		{791F4D96-C701-46EE-9AB3-96E6AA4B47C7}.Release|ARM.ActiveCfg = Release|Any CPU
		{791F4D96-C701-46EE-9AB3-96E6AA4B47C7}.Release|ARM.Build.0 = Release|Any CPU
		{791F4D96-C701-46EE-9AB3-96E6AA4B47C7}.Release|iPhone.ActiveCfg = Release|Any CPU
		{791F4D96-C701-46EE-9AB3-96E6AA4B47C7}.Release|iPhone.Build.0 = Release|Any CPU
		{791F4D96-C701-46EE-9AB3-96E6AA4B47C7}.Release|iPhoneSimulator.ActiveCfg = Release|Any CPU
		{791F4D96-C701-46EE-9AB3-96E6AA4B47C7}.Release|iPhoneSimulator.Build.0 = Release|Any CPU
		{791F4D96-C701-46EE-9AB3-96E6AA4B47C7}.Release|x64.ActiveCfg = Release|Any CPU
		{791F4D96-C701-46EE-9AB3-96E6AA4B47C7}.Release|x64.Build.0 = Release|Any CPU
		{791F4D96-C701-46EE-9AB3-96E6AA4B47C7}.Release|x86.ActiveCfg = Release|Any CPU
		{791F4D96-C701-46EE-9AB3-96E6AA4B47C7}.Release|x86.Build.0 = Release|Any CPU
		{F29016AD-74A6-4E18-AB2E-9E2CC6FEE8C0}.Ad-Hoc|Any CPU.ActiveCfg = Release|Any CPU
		{F29016AD-74A6-4E18-AB2E-9E2CC6FEE8C0}.Ad-Hoc|Any CPU.Build.0 = Release|Any CPU
		{F29016AD-74A6-4E18-AB2E-9E2CC6FEE8C0}.Ad-Hoc|ARM.ActiveCfg = Release|Any CPU
		{F29016AD-74A6-4E18-AB2E-9E2CC6FEE8C0}.Ad-Hoc|ARM.Build.0 = Release|Any CPU
		{F29016AD-74A6-4E18-AB2E-9E2CC6FEE8C0}.Ad-Hoc|iPhone.ActiveCfg = Release|Any CPU
		{F29016AD-74A6-4E18-AB2E-9E2CC6FEE8C0}.Ad-Hoc|iPhone.Build.0 = Release|Any CPU
		{F29016AD-74A6-4E18-AB2E-9E2CC6FEE8C0}.Ad-Hoc|iPhoneSimulator.ActiveCfg = Release|Any CPU
		{F29016AD-74A6-4E18-AB2E-9E2CC6FEE8C0}.Ad-Hoc|iPhoneSimulator.Build.0 = Release|Any CPU
		{F29016AD-74A6-4E18-AB2E-9E2CC6FEE8C0}.Ad-Hoc|x64.ActiveCfg = Release|Any CPU
		{F29016AD-74A6-4E18-AB2E-9E2CC6FEE8C0}.Ad-Hoc|x64.Build.0 = Release|Any CPU
		{F29016AD-74A6-4E18-AB2E-9E2CC6FEE8C0}.Ad-Hoc|x86.ActiveCfg = Release|Any CPU
		{F29016AD-74A6-4E18-AB2E-9E2CC6FEE8C0}.Ad-Hoc|x86.Build.0 = Release|Any CPU
		{F29016AD-74A6-4E18-AB2E-9E2CC6FEE8C0}.AppStore|Any CPU.ActiveCfg = Release|Any CPU
		{F29016AD-74A6-4E18-AB2E-9E2CC6FEE8C0}.AppStore|Any CPU.Build.0 = Release|Any CPU
		{F29016AD-74A6-4E18-AB2E-9E2CC6FEE8C0}.AppStore|ARM.ActiveCfg = Release|Any CPU
		{F29016AD-74A6-4E18-AB2E-9E2CC6FEE8C0}.AppStore|ARM.Build.0 = Release|Any CPU
		{F29016AD-74A6-4E18-AB2E-9E2CC6FEE8C0}.AppStore|iPhone.ActiveCfg = Release|Any CPU
		{F29016AD-74A6-4E18-AB2E-9E2CC6FEE8C0}.AppStore|iPhone.Build.0 = Release|Any CPU
		{F29016AD-74A6-4E18-AB2E-9E2CC6FEE8C0}.AppStore|iPhoneSimulator.ActiveCfg = Release|Any CPU
		{F29016AD-74A6-4E18-AB2E-9E2CC6FEE8C0}.AppStore|iPhoneSimulator.Build.0 = Release|Any CPU
		{F29016AD-74A6-4E18-AB2E-9E2CC6FEE8C0}.AppStore|x64.ActiveCfg = Release|Any CPU
		{F29016AD-74A6-4E18-AB2E-9E2CC6FEE8C0}.AppStore|x64.Build.0 = Release|Any CPU
		{F29016AD-74A6-4E18-AB2E-9E2CC6FEE8C0}.AppStore|x86.ActiveCfg = Release|Any CPU
		{F29016AD-74A6-4E18-AB2E-9E2CC6FEE8C0}.AppStore|x86.Build.0 = Release|Any CPU
		{F29016AD-74A6-4E18-AB2E-9E2CC6FEE8C0}.Debug|Any CPU.ActiveCfg = Debug|Any CPU
		{F29016AD-74A6-4E18-AB2E-9E2CC6FEE8C0}.Debug|Any CPU.Build.0 = Debug|Any CPU
		{F29016AD-74A6-4E18-AB2E-9E2CC6FEE8C0}.Debug|ARM.ActiveCfg = Debug|Any CPU
		{F29016AD-74A6-4E18-AB2E-9E2CC6FEE8C0}.Debug|ARM.Build.0 = Debug|Any CPU
		{F29016AD-74A6-4E18-AB2E-9E2CC6FEE8C0}.Debug|iPhone.ActiveCfg = Debug|Any CPU
		{F29016AD-74A6-4E18-AB2E-9E2CC6FEE8C0}.Debug|iPhone.Build.0 = Debug|Any CPU
		{F29016AD-74A6-4E18-AB2E-9E2CC6FEE8C0}.Debug|iPhoneSimulator.ActiveCfg = Debug|Any CPU
		{F29016AD-74A6-4E18-AB2E-9E2CC6FEE8C0}.Debug|iPhoneSimulator.Build.0 = Debug|Any CPU
		{F29016AD-74A6-4E18-AB2E-9E2CC6FEE8C0}.Debug|x64.ActiveCfg = Debug|Any CPU
		{F29016AD-74A6-4E18-AB2E-9E2CC6FEE8C0}.Debug|x64.Build.0 = Debug|Any CPU
		{F29016AD-74A6-4E18-AB2E-9E2CC6FEE8C0}.Debug|x86.ActiveCfg = Debug|Any CPU
		{F29016AD-74A6-4E18-AB2E-9E2CC6FEE8C0}.Debug|x86.Build.0 = Debug|Any CPU
		{F29016AD-74A6-4E18-AB2E-9E2CC6FEE8C0}.Release|Any CPU.ActiveCfg = Release|Any CPU
		{F29016AD-74A6-4E18-AB2E-9E2CC6FEE8C0}.Release|Any CPU.Build.0 = Release|Any CPU
		{F29016AD-74A6-4E18-AB2E-9E2CC6FEE8C0}.Release|ARM.ActiveCfg = Release|Any CPU
		{F29016AD-74A6-4E18-AB2E-9E2CC6FEE8C0}.Release|ARM.Build.0 = Release|Any CPU
		{F29016AD-74A6-4E18-AB2E-9E2CC6FEE8C0}.Release|iPhone.ActiveCfg = Release|Any CPU
		{F29016AD-74A6-4E18-AB2E-9E2CC6FEE8C0}.Release|iPhone.Build.0 = Release|Any CPU
		{F29016AD-74A6-4E18-AB2E-9E2CC6FEE8C0}.Release|iPhoneSimulator.ActiveCfg = Release|Any CPU
		{F29016AD-74A6-4E18-AB2E-9E2CC6FEE8C0}.Release|iPhoneSimulator.Build.0 = Release|Any CPU
		{F29016AD-74A6-4E18-AB2E-9E2CC6FEE8C0}.Release|x64.ActiveCfg = Release|Any CPU
		{F29016AD-74A6-4E18-AB2E-9E2CC6FEE8C0}.Release|x64.Build.0 = Release|Any CPU
		{F29016AD-74A6-4E18-AB2E-9E2CC6FEE8C0}.Release|x86.ActiveCfg = Release|Any CPU
		{F29016AD-74A6-4E18-AB2E-9E2CC6FEE8C0}.Release|x86.Build.0 = Release|Any CPU
		{C5748E16-C4EA-45F0-AE80-C48F673B7621}.Ad-Hoc|Any CPU.ActiveCfg = Release|Any CPU
		{C5748E16-C4EA-45F0-AE80-C48F673B7621}.Ad-Hoc|Any CPU.Build.0 = Release|Any CPU
		{C5748E16-C4EA-45F0-AE80-C48F673B7621}.Ad-Hoc|ARM.ActiveCfg = Release|Any CPU
		{C5748E16-C4EA-45F0-AE80-C48F673B7621}.Ad-Hoc|ARM.Build.0 = Release|Any CPU
		{C5748E16-C4EA-45F0-AE80-C48F673B7621}.Ad-Hoc|iPhone.ActiveCfg = Release|Any CPU
		{C5748E16-C4EA-45F0-AE80-C48F673B7621}.Ad-Hoc|iPhone.Build.0 = Release|Any CPU
		{C5748E16-C4EA-45F0-AE80-C48F673B7621}.Ad-Hoc|iPhoneSimulator.ActiveCfg = Release|Any CPU
		{C5748E16-C4EA-45F0-AE80-C48F673B7621}.Ad-Hoc|iPhoneSimulator.Build.0 = Release|Any CPU
		{C5748E16-C4EA-45F0-AE80-C48F673B7621}.Ad-Hoc|x64.ActiveCfg = Release|Any CPU
		{C5748E16-C4EA-45F0-AE80-C48F673B7621}.Ad-Hoc|x64.Build.0 = Release|Any CPU
		{C5748E16-C4EA-45F0-AE80-C48F673B7621}.Ad-Hoc|x86.ActiveCfg = Release|Any CPU
		{C5748E16-C4EA-45F0-AE80-C48F673B7621}.Ad-Hoc|x86.Build.0 = Release|Any CPU
		{C5748E16-C4EA-45F0-AE80-C48F673B7621}.AppStore|Any CPU.ActiveCfg = Release|Any CPU
		{C5748E16-C4EA-45F0-AE80-C48F673B7621}.AppStore|Any CPU.Build.0 = Release|Any CPU
		{C5748E16-C4EA-45F0-AE80-C48F673B7621}.AppStore|ARM.ActiveCfg = Release|Any CPU
		{C5748E16-C4EA-45F0-AE80-C48F673B7621}.AppStore|ARM.Build.0 = Release|Any CPU
		{C5748E16-C4EA-45F0-AE80-C48F673B7621}.AppStore|iPhone.ActiveCfg = Release|Any CPU
		{C5748E16-C4EA-45F0-AE80-C48F673B7621}.AppStore|iPhone.Build.0 = Release|Any CPU
		{C5748E16-C4EA-45F0-AE80-C48F673B7621}.AppStore|iPhoneSimulator.ActiveCfg = Release|Any CPU
		{C5748E16-C4EA-45F0-AE80-C48F673B7621}.AppStore|iPhoneSimulator.Build.0 = Release|Any CPU
		{C5748E16-C4EA-45F0-AE80-C48F673B7621}.AppStore|x64.ActiveCfg = Release|Any CPU
		{C5748E16-C4EA-45F0-AE80-C48F673B7621}.AppStore|x64.Build.0 = Release|Any CPU
		{C5748E16-C4EA-45F0-AE80-C48F673B7621}.AppStore|x86.ActiveCfg = Release|Any CPU
		{C5748E16-C4EA-45F0-AE80-C48F673B7621}.AppStore|x86.Build.0 = Release|Any CPU
		{C5748E16-C4EA-45F0-AE80-C48F673B7621}.Debug|Any CPU.ActiveCfg = Debug|Any CPU
		{C5748E16-C4EA-45F0-AE80-C48F673B7621}.Debug|Any CPU.Build.0 = Debug|Any CPU
		{C5748E16-C4EA-45F0-AE80-C48F673B7621}.Debug|ARM.ActiveCfg = Debug|Any CPU
		{C5748E16-C4EA-45F0-AE80-C48F673B7621}.Debug|ARM.Build.0 = Debug|Any CPU
		{C5748E16-C4EA-45F0-AE80-C48F673B7621}.Debug|iPhone.ActiveCfg = Debug|Any CPU
		{C5748E16-C4EA-45F0-AE80-C48F673B7621}.Debug|iPhone.Build.0 = Debug|Any CPU
		{C5748E16-C4EA-45F0-AE80-C48F673B7621}.Debug|iPhoneSimulator.ActiveCfg = Debug|Any CPU
		{C5748E16-C4EA-45F0-AE80-C48F673B7621}.Debug|iPhoneSimulator.Build.0 = Debug|Any CPU
		{C5748E16-C4EA-45F0-AE80-C48F673B7621}.Debug|x64.ActiveCfg = Debug|Any CPU
		{C5748E16-C4EA-45F0-AE80-C48F673B7621}.Debug|x64.Build.0 = Debug|Any CPU
		{C5748E16-C4EA-45F0-AE80-C48F673B7621}.Debug|x86.ActiveCfg = Debug|Any CPU
		{C5748E16-C4EA-45F0-AE80-C48F673B7621}.Debug|x86.Build.0 = Debug|Any CPU
		{C5748E16-C4EA-45F0-AE80-C48F673B7621}.Release|Any CPU.ActiveCfg = Release|Any CPU
		{C5748E16-C4EA-45F0-AE80-C48F673B7621}.Release|Any CPU.Build.0 = Release|Any CPU
		{C5748E16-C4EA-45F0-AE80-C48F673B7621}.Release|ARM.ActiveCfg = Release|Any CPU
		{C5748E16-C4EA-45F0-AE80-C48F673B7621}.Release|ARM.Build.0 = Release|Any CPU
		{C5748E16-C4EA-45F0-AE80-C48F673B7621}.Release|iPhone.ActiveCfg = Release|Any CPU
		{C5748E16-C4EA-45F0-AE80-C48F673B7621}.Release|iPhone.Build.0 = Release|Any CPU
		{C5748E16-C4EA-45F0-AE80-C48F673B7621}.Release|iPhoneSimulator.ActiveCfg = Release|Any CPU
		{C5748E16-C4EA-45F0-AE80-C48F673B7621}.Release|iPhoneSimulator.Build.0 = Release|Any CPU
		{C5748E16-C4EA-45F0-AE80-C48F673B7621}.Release|x64.ActiveCfg = Release|Any CPU
		{C5748E16-C4EA-45F0-AE80-C48F673B7621}.Release|x64.Build.0 = Release|Any CPU
		{C5748E16-C4EA-45F0-AE80-C48F673B7621}.Release|x86.ActiveCfg = Release|Any CPU
		{C5748E16-C4EA-45F0-AE80-C48F673B7621}.Release|x86.Build.0 = Release|Any CPU
	EndGlobalSection
	GlobalSection(SolutionProperties) = preSolution
		HideSolutionNode = FALSE
	EndGlobalSection
	GlobalSection(ExtensibilityGlobals) = postSolution
		SolutionGuid = {2FB033DC-F719-44C8-93C7-943E1E2A9684}
	EndGlobalSection
EndGlobal
